
Microsoft Visual Studio Solution File, Format Version 10.00
# Visual Studio 2008
Project("{8BC9CEB8-8B4A-11D0-8D11-00A0C91BC942}") = "GraphicsEngine_Test", "GraphicsEngine_Test\GraphicsEngine_Test.vcproj", "{06ABEBB4-72B5-4673-86A8-2A230FD2719F}"
	ProjectSection(ProjectDependencies) = postProject
		{74220F22-9039-453B-81F0-44BEA935E6D9} = {74220F22-9039-453B-81F0-44BEA935E6D9}
		{00226575-C4FA-463A-941B-EA9FB2012521} = {00226575-C4FA-463A-941B-EA9FB2012521}
		{D04BBE9D-7B69-4A6E-83C5-DFA72B4DE76A} = {D04BBE9D-7B69-4A6E-83C5-DFA72B4DE76A}
		{D6C5B6D7-4503-42DD-9174-37B3B81C5926} = {D6C5B6D7-4503-42DD-9174-37B3B81C5926}
	EndProjectSection
EndProject
Project("{8BC9CEB8-8B4A-11D0-8D11-00A0C91BC942}") = "GraphicsEngine", "..\..\Source\GraphicsEngine\GraphicsEngine.vcproj", "{00226575-C4FA-463A-941B-EA9FB2012521}"
	ProjectSection(ProjectDependencies) = postProject
		{D04BBE9D-7B69-4A6E-83C5-DFA72B4DE76A} = {D04BBE9D-7B69-4A6E-83C5-DFA72B4DE76A}
	EndProjectSection
EndProject
Project("{8BC9CEB8-8B4A-11D0-8D11-00A0C91BC942}") = "Base", "..\..\Source\Base\Base.vcproj", "{74220F22-9039-453B-81F0-44BEA935E6D9}"
EndProject
Project("{8BC9CEB8-8B4A-11D0-8D11-00A0C91BC942}") = "Utilities", "..\..\Source\Utilities\Utilities.vcproj", "{D04BBE9D-7B69-4A6E-83C5-DFA72B4DE76A}"
	ProjectSection(ProjectDependencies) = postProject
		{74220F22-9039-453B-81F0-44BEA935E6D9} = {74220F22-9039-453B-81F0-44BEA935E6D9}
	EndProjectSection
EndProject
Project("{8BC9CEB8-8B4A-11D0-8D11-00A0C91BC942}") = "GameBase", "..\..\Source\GameBase\GameBase.vcproj", "{D6C5B6D7-4503-42DD-9174-37B3B81C5926}"
	ProjectSection(ProjectDependencies) = postProject
		{74220F22-9039-453B-81F0-44BEA935E6D9} = {74220F22-9039-453B-81F0-44BEA935E6D9}
		{00226575-C4FA-463A-941B-EA9FB2012521} = {00226575-C4FA-463A-941B-EA9FB2012521}
		{D04BBE9D-7B69-4A6E-83C5-DFA72B4DE76A} = {D04BBE9D-7B69-4A6E-83C5-DFA72B4DE76A}
	EndProjectSection
EndProject
Global
	GlobalSection(SolutionConfigurationPlatforms) = preSolution
		Debug|Win32 = Debug|Win32
		Release|Win32 = Release|Win32
	EndGlobalSection
	GlobalSection(ProjectConfigurationPlatforms) = postSolution
		{06ABEBB4-72B5-4673-86A8-2A230FD2719F}.Debug|Win32.ActiveCfg = Debug|Win32
		{06ABEBB4-72B5-4673-86A8-2A230FD2719F}.Debug|Win32.Build.0 = Debug|Win32
		{06ABEBB4-72B5-4673-86A8-2A230FD2719F}.Release|Win32.ActiveCfg = Release|Win32
		{06ABEBB4-72B5-4673-86A8-2A230FD2719F}.Release|Win32.Build.0 = Release|Win32
		{00226575-C4FA-463A-941B-EA9FB2012521}.Debug|Win32.ActiveCfg = Debug|Win32
		{00226575-C4FA-463A-941B-EA9FB2012521}.Debug|Win32.Build.0 = Debug|Win32
		{00226575-C4FA-463A-941B-EA9FB2012521}.Release|Win32.ActiveCfg = Release|Win32
		{00226575-C4FA-463A-941B-EA9FB2012521}.Release|Win32.Build.0 = Release|Win32
		{74220F22-9039-453B-81F0-44BEA935E6D9}.Debug|Win32.ActiveCfg = Debug|Win32
		{74220F22-9039-453B-81F0-44BEA935E6D9}.Debug|Win32.Build.0 = Debug|Win32
		{74220F22-9039-453B-81F0-44BEA935E6D9}.Release|Win32.ActiveCfg = Release|Win32
		{74220F22-9039-453B-81F0-44BEA935E6D9}.Release|Win32.Build.0 = Release|Win32
		{D04BBE9D-7B69-4A6E-83C5-DFA72B4DE76A}.Debug|Win32.ActiveCfg = Debug|Win32
		{D04BBE9D-7B69-4A6E-83C5-DFA72B4DE76A}.Debug|Win32.Build.0 = Debug|Win32
		{D04BBE9D-7B69-4A6E-83C5-DFA72B4DE76A}.Release|Win32.ActiveCfg = Release|Win32
		{D04BBE9D-7B69-4A6E-83C5-DFA72B4DE76A}.Release|Win32.Build.0 = Release|Win32
		{D6C5B6D7-4503-42DD-9174-37B3B81C5926}.Debug|Win32.ActiveCfg = Debug|Win32
		{D6C5B6D7-4503-42DD-9174-37B3B81C5926}.Debug|Win32.Build.0 = Debug|Win32
		{D6C5B6D7-4503-42DD-9174-37B3B81C5926}.Release|Win32.ActiveCfg = Release|Win32
		{D6C5B6D7-4503-42DD-9174-37B3B81C5926}.Release|Win32.Build.0 = Release|Win32
	EndGlobalSection
	GlobalSection(SolutionProperties) = preSolution
		HideSolutionNode = FALSE
	EndGlobalSection
EndGlobal
