<?xml version="1.0" encoding="utf-8"?>
<Project ToolsVersion="4.0" xmlns="http://schemas.microsoft.com/developer/msbuild/2003">
  <ItemGroup>
    <Filter Include="Game">
      <UniqueIdentifier>{654263ed-73eb-4dd6-b903-57719fd1234f}</UniqueIdentifier>
    </Filter>
    <Filter Include="Game\Elements">
      <UniqueIdentifier>{eaa1cae6-9326-4009-8c1e-f715ad291671}</UniqueIdentifier>
    </Filter>
  </ItemGroup>
  <ItemGroup>
    <ClInclude Include="src\enums.h">
      <Filter>Game</Filter>
    </ClInclude>
    <ClInclude Include="src\Game\Game.h">
      <Filter>Game</Filter>
    </ClInclude>
    <ClInclude Include="src\Game\Game.hxx">
      <Filter>Game</Filter>
    </ClInclude>
    <ClInclude Include="src\Game\GameFlowStateMachine.h">
      <Filter>Game</Filter>
    </ClInclude>
    <ClInclude Include="src\Game\GameFlowStates.h">
      <Filter>Game</Filter>
    </ClInclude>
    <ClInclude Include="src\Messages.h">
      <Filter>Game</Filter>
    </ClInclude>
    <ClInclude Include="src\Game\Elements\AsteroidGameElement.h">
      <Filter>Game\Elements</Filter>
    </ClInclude>
    <ClInclude Include="src\Game\Elements\Score.h">
      <Filter>Game\Elements</Filter>
    </ClInclude>
    <ClInclude Include="src\Game\Elements\Ship.h">
      <Filter>Game\Elements</Filter>
    </ClInclude>
    <ClInclude Include="src\AsteroidView.h" />
    <ClInclude Include="src\GameDefines.h" />
    <ClInclude Include="src\ShipHandler.h" />
    <ClInclude Include="src\stdafx.h" />
    <ClInclude Include="src\Game\Elements\Asteroid.h">
      <Filter>Game\Elements</Filter>
    </ClInclude>
  </ItemGroup>
  <ItemGroup>
    <ClCompile Include="src\Game\Game.cpp">
      <Filter>Game</Filter>
    </ClCompile>
    <ClCompile Include="src\Game\GameFlowStateMachine.cpp">
      <Filter>Game</Filter>
    </ClCompile>
    <ClCompile Include="src\Game\GameFlowStates.cpp">
      <Filter>Game</Filter>
    </ClCompile>
    <ClCompile Include="src\Game\Elements\AsteroidGameElement.cpp">
      <Filter>Game\Elements</Filter>
    </ClCompile>
    <ClCompile Include="src\Game\Elements\Score.cpp">
      <Filter>Game\Elements</Filter>
    </ClCompile>
    <ClCompile Include="src\Game\Elements\Ship.cpp">
      <Filter>Game\Elements</Filter>
    </ClCompile>
    <ClCompile Include="src\AsteroidView.cpp" />
    <ClCompile Include="src\ShipHandler.cpp" />
    <ClCompile Include="src\stdafx.cpp" />
    <ClCompile Include="src\Game\Elements\Asteroid.cpp">
      <Filter>Game\Elements</Filter>
    </ClCompile>
  </ItemGroup>
</Project>