
Microsoft Visual Studio Solution File, Format Version 10.00
# Visual C++ Express 2008
Project("{8BC9CEB8-8B4A-11D0-8D11-00A0C91BC942}") = "Game", "Game\Game.vcproj", "{41D68749-4742-41D8-9EE5-2B36837FAF2F}"
EndProject
Project("{8BC9CEB8-8B4A-11D0-8D11-00A0C91BC942}") = "GraphicsEngine", "GraphicsEngine\GraphicsEngine.vcproj", "{00226575-C4FA-463A-941B-EA9FB2012521}"
EndProject
Project("{8BC9CEB8-8B4A-11D0-8D11-00A0C91BC942}") = "AI", "AI\AI.vcproj", "{B1A264DA-55CA-4CC8-9EAF-5D251ECAE276}"
EndProject
Project("{8BC9CEB8-8B4A-11D0-8D11-00A0C91BC942}") = "Sound", "Sound\Sound.vcproj", "{7FA30A50-D902-4EB0-B0DC-5594304486E9}"
EndProject
Project("{8BC9CEB8-8B4A-11D0-8D11-00A0C91BC942}") = "Utilities", "Utilities\Utilities.vcproj", "{D04BBE9D-7B69-4A6E-83C5-DFA72B4DE76A}"
EndProject
Project("{8BC9CEB8-8B4A-11D0-8D11-00A0C91BC942}") = "GameBase", "GameBase\GameBase.vcproj", "{D6C5B6D7-4503-42DD-9174-37B3B81C5926}"
EndProject
Global
	GlobalSection(SolutionConfigurationPlatforms) = preSolution
		Debug|Win32 = Debug|Win32
		Release|Win32 = Release|Win32
	EndGlobalSection
	GlobalSection(ProjectConfigurationPlatforms) = postSolution
		{41D68749-4742-41D8-9EE5-2B36837FAF2F}.Debug|Win32.ActiveCfg = Debug|Win32
		{41D68749-4742-41D8-9EE5-2B36837FAF2F}.Debug|Win32.Build.0 = Debug|Win32
		{41D68749-4742-41D8-9EE5-2B36837FAF2F}.Release|Win32.ActiveCfg = Release|Win32
		{41D68749-4742-41D8-9EE5-2B36837FAF2F}.Release|Win32.Build.0 = Release|Win32
		{00226575-C4FA-463A-941B-EA9FB2012521}.Debug|Win32.ActiveCfg = Debug|Win32
		{00226575-C4FA-463A-941B-EA9FB2012521}.Debug|Win32.Build.0 = Debug|Win32
		{00226575-C4FA-463A-941B-EA9FB2012521}.Release|Win32.ActiveCfg = Release|Win32
		{00226575-C4FA-463A-941B-EA9FB2012521}.Release|Win32.Build.0 = Release|Win32
		{B1A264DA-55CA-4CC8-9EAF-5D251ECAE276}.Debug|Win32.ActiveCfg = Debug|Win32
		{B1A264DA-55CA-4CC8-9EAF-5D251ECAE276}.Debug|Win32.Build.0 = Debug|Win32
		{B1A264DA-55CA-4CC8-9EAF-5D251ECAE276}.Release|Win32.ActiveCfg = Release|Win32
		{B1A264DA-55CA-4CC8-9EAF-5D251ECAE276}.Release|Win32.Build.0 = Release|Win32
		{7FA30A50-D902-4EB0-B0DC-5594304486E9}.Debug|Win32.ActiveCfg = Debug|Win32
		{7FA30A50-D902-4EB0-B0DC-5594304486E9}.Debug|Win32.Build.0 = Debug|Win32
		{7FA30A50-D902-4EB0-B0DC-5594304486E9}.Release|Win32.ActiveCfg = Release|Win32
		{7FA30A50-D902-4EB0-B0DC-5594304486E9}.Release|Win32.Build.0 = Release|Win32
		{D04BBE9D-7B69-4A6E-83C5-DFA72B4DE76A}.Debug|Win32.ActiveCfg = Debug|Win32
		{D04BBE9D-7B69-4A6E-83C5-DFA72B4DE76A}.Debug|Win32.Build.0 = Debug|Win32
		{D04BBE9D-7B69-4A6E-83C5-DFA72B4DE76A}.Release|Win32.ActiveCfg = Release|Win32
		{D04BBE9D-7B69-4A6E-83C5-DFA72B4DE76A}.Release|Win32.Build.0 = Release|Win32
		{D6C5B6D7-4503-42DD-9174-37B3B81C5926}.Debug|Win32.ActiveCfg = Debug|Win32
		{D6C5B6D7-4503-42DD-9174-37B3B81C5926}.Debug|Win32.Build.0 = Debug|Win32
		{D6C5B6D7-4503-42DD-9174-37B3B81C5926}.Release|Win32.ActiveCfg = Release|Win32
		{D6C5B6D7-4503-42DD-9174-37B3B81C5926}.Release|Win32.Build.0 = Release|Win32
	EndGlobalSection
	GlobalSection(SolutionProperties) = preSolution
		HideSolutionNode = FALSE
	EndGlobalSection
	GlobalSection(ExtensibilityGlobals) = postSolution
		VisualSVNWorkingCopyRoot = 
	EndGlobalSection
EndGlobal
